// !$*UTF8*$!
{
	archiveVersion = 1;
	classes = {
	};
	objectVersion = 55;
	objects = {

/* Begin PBXBuildFile section */
		0E4E1135B3C4AF01899BC728 /* Pods_AnimationApp.framework in Frameworks */ = {isa = PBXBuildFile; fileRef = A4CD6DA529FFA2D56BDE2888 /* Pods_AnimationApp.framework */; };
		7F092AE427C65394001D07C5 /* AppDelegate.swift in Sources */ = {isa = PBXBuildFile; fileRef = 7F092AE327C65394001D07C5 /* AppDelegate.swift */; };
		7F092AE627C65394001D07C5 /* SceneDelegate.swift in Sources */ = {isa = PBXBuildFile; fileRef = 7F092AE527C65394001D07C5 /* SceneDelegate.swift */; };
		7F092AE827C65394001D07C5 /* ViewController.swift in Sources */ = {isa = PBXBuildFile; fileRef = 7F092AE727C65394001D07C5 /* ViewController.swift */; };
		7F092AEB27C65394001D07C5 /* Main.storyboard in Resources */ = {isa = PBXBuildFile; fileRef = 7F092AE927C65394001D07C5 /* Main.storyboard */; };
		7F092AED27C65395001D07C5 /* Assets.xcassets in Resources */ = {isa = PBXBuildFile; fileRef = 7F092AEC27C65395001D07C5 /* Assets.xcassets */; };
		7F092AF027C65395001D07C5 /* LaunchScreen.storyboard in Resources */ = {isa = PBXBuildFile; fileRef = 7F092AEE27C65395001D07C5 /* LaunchScreen.storyboard */; };
		7F092AF927C655B5001D07C5 /* SideMenu in Frameworks */ = {isa = PBXBuildFile; productRef = 7F092AF827C655B5001D07C5 /* SideMenu */; };
		7F092AFF27C657E1001D07C5 /* AnimatonModel.swift in Sources */ = {isa = PBXBuildFile; fileRef = 7F092AFE27C657E1001D07C5 /* AnimatonModel.swift */; };
		7F092B0127C676B9001D07C5 /* TableViewController.swift in Sources */ = {isa = PBXBuildFile; fileRef = 7F092B0027C676B9001D07C5 /* TableViewController.swift */; };
/* End PBXBuildFile section */

/* Begin PBXFileReference section */
		7F092AE027C65394001D07C5 /* AnimationApp.app */ = {isa = PBXFileReference; explicitFileType = wrapper.application; includeInIndex = 0; path = AnimationApp.app; sourceTree = BUILT_PRODUCTS_DIR; };
		7F092AE327C65394001D07C5 /* AppDelegate.swift */ = {isa = PBXFileReference; lastKnownFileType = sourcecode.swift; path = AppDelegate.swift; sourceTree = "<group>"; };
		7F092AE527C65394001D07C5 /* SceneDelegate.swift */ = {isa = PBXFileReference; lastKnownFileType = sourcecode.swift; path = SceneDelegate.swift; sourceTree = "<group>"; };
		7F092AE727C65394001D07C5 /* ViewController.swift */ = {isa = PBXFileReference; lastKnownFileType = sourcecode.swift; path = ViewController.swift; sourceTree = "<group>"; };
		7F092AEA27C65394001D07C5 /* Base */ = {isa = PBXFileReference; lastKnownFileType = file.storyboard; name = Base; path = Base.lproj/Main.storyboard; sourceTree = "<group>"; };
		7F092AEC27C65395001D07C5 /* Assets.xcassets */ = {isa = PBXFileReference; lastKnownFileType = folder.assetcatalog; path = Assets.xcassets; sourceTree = "<group>"; };
		7F092AEF27C65395001D07C5 /* Base */ = {isa = PBXFileReference; lastKnownFileType = file.storyboard; name = Base; path = Base.lproj/LaunchScreen.storyboard; sourceTree = "<group>"; };
		7F092AF127C65395001D07C5 /* Info.plist */ = {isa = PBXFileReference; lastKnownFileType = text.plist.xml; path = Info.plist; sourceTree = "<group>"; };
		7F092AFE27C657E1001D07C5 /* AnimatonModel.swift */ = {isa = PBXFileReference; lastKnownFileType = sourcecode.swift; path = AnimatonModel.swift; sourceTree = "<group>"; };
		7F092B0027C676B9001D07C5 /* TableViewController.swift */ = {isa = PBXFileReference; lastKnownFileType = sourcecode.swift; path = TableViewController.swift; sourceTree = "<group>"; };
		7FC922501CCC77C2BDD0A1B0 /* Pods-AnimationApp.debug.xcconfig */ = {isa = PBXFileReference; includeInIndex = 1; lastKnownFileType = text.xcconfig; name = "Pods-AnimationApp.debug.xcconfig"; path = "Target Support Files/Pods-AnimationApp/Pods-AnimationApp.debug.xcconfig"; sourceTree = "<group>"; };
		A4CD6DA529FFA2D56BDE2888 /* Pods_AnimationApp.framework */ = {isa = PBXFileReference; explicitFileType = wrapper.framework; includeInIndex = 0; path = Pods_AnimationApp.framework; sourceTree = BUILT_PRODUCTS_DIR; };
		FB155D0C9663EC74DBCEDAD1 /* Pods-AnimationApp.release.xcconfig */ = {isa = PBXFileReference; includeInIndex = 1; lastKnownFileType = text.xcconfig; name = "Pods-AnimationApp.release.xcconfig"; path = "Target Support Files/Pods-AnimationApp/Pods-AnimationApp.release.xcconfig"; sourceTree = "<group>"; };
/* End PBXFileReference section */

/* Begin PBXFrameworksBuildPhase section */
		7F092ADD27C65394001D07C5 /* Frameworks */ = {
			isa = PBXFrameworksBuildPhase;
			buildActionMask = 2147483647;
			files = (
				7F092AF927C655B5001D07C5 /* SideMenu in Frameworks */,
				0E4E1135B3C4AF01899BC728 /* Pods_AnimationApp.framework in Frameworks */,
			);
			runOnlyForDeploymentPostprocessing = 0;
		};
/* End PBXFrameworksBuildPhase section */

/* Begin PBXGroup section */
		31E53C3EA4D17FCBB3A1ADEB /* Pods */ = {
			isa = PBXGroup;
			children = (
				7FC922501CCC77C2BDD0A1B0 /* Pods-AnimationApp.debug.xcconfig */,
				FB155D0C9663EC74DBCEDAD1 /* Pods-AnimationApp.release.xcconfig */,
			);
			path = Pods;
			sourceTree = "<group>";
		};
		7F092AD727C65394001D07C5 = {
			isa = PBXGroup;
			children = (
				7F092AE227C65394001D07C5 /* AnimationApp */,
				7F092AE127C65394001D07C5 /* Products */,
				31E53C3EA4D17FCBB3A1ADEB /* Pods */,
				926E391C00E868A68F2F94D9 /* Frameworks */,
			);
			sourceTree = "<group>";
		};
		7F092AE127C65394001D07C5 /* Products */ = {
			isa = PBXGroup;
			children = (
				7F092AE027C65394001D07C5 /* AnimationApp.app */,
			);
			name = Products;
			sourceTree = "<group>";
		};
		7F092AE227C65394001D07C5 /* AnimationApp */ = {
			isa = PBXGroup;
			children = (
				7F092AFD27C657BA001D07C5 /* Model */,
				7F092AFA27C65791001D07C5 /* View */,
				7F092AFC27C657A5001D07C5 /* Controllers */,
				7F092AFB27C6579E001D07C5 /* App */,
				7F092AEC27C65395001D07C5 /* Assets.xcassets */,
				7F092AF127C65395001D07C5 /* Info.plist */,
			);
			path = AnimationApp;
			sourceTree = "<group>";
		};
		7F092AFA27C65791001D07C5 /* View */ = {
			isa = PBXGroup;
			children = (
				7F092AE927C65394001D07C5 /* Main.storyboard */,
				7F092AEE27C65395001D07C5 /* LaunchScreen.storyboard */,
			);
			path = View;
			sourceTree = "<group>";
		};
		7F092AFB27C6579E001D07C5 /* App */ = {
			isa = PBXGroup;
			children = (
				7F092AE327C65394001D07C5 /* AppDelegate.swift */,
				7F092AE527C65394001D07C5 /* SceneDelegate.swift */,
			);
			path = App;
			sourceTree = "<group>";
		};
		7F092AFC27C657A5001D07C5 /* Controllers */ = {
			isa = PBXGroup;
			children = (
				7F092AE727C65394001D07C5 /* ViewController.swift */,
				7F092B0027C676B9001D07C5 /* TableViewController.swift */,
			);
			path = Controllers;
			sourceTree = "<group>";
		};
		7F092AFD27C657BA001D07C5 /* Model */ = {
			isa = PBXGroup;
			children = (
				7F092AFE27C657E1001D07C5 /* AnimatonModel.swift */,
			);
			path = Model;
			sourceTree = "<group>";
		};
		926E391C00E868A68F2F94D9 /* Frameworks */ = {
			isa = PBXGroup;
			children = (
				A4CD6DA529FFA2D56BDE2888 /* Pods_AnimationApp.framework */,
			);
			name = Frameworks;
			sourceTree = "<group>";
		};
/* End PBXGroup section */

/* Begin PBXNativeTarget section */
		7F092ADF27C65394001D07C5 /* AnimationApp */ = {
			isa = PBXNativeTarget;
			buildConfigurationList = 7F092AF427C65395001D07C5 /* Build configuration list for PBXNativeTarget "AnimationApp" */;
			buildPhases = (
				05B2043E13873EFBA843A313 /* [CP] Check Pods Manifest.lock */,
				7F092ADC27C65394001D07C5 /* Sources */,
				7F092ADD27C65394001D07C5 /* Frameworks */,
				7F092ADE27C65394001D07C5 /* Resources */,
				1434F177B4127BCEF81FE5F6 /* [CP] Embed Pods Frameworks */,
			);
			buildRules = (
			);
			dependencies = (
			);
			name = AnimationApp;
			packageProductDependencies = (
				7F092AF827C655B5001D07C5 /* SideMenu */,
			);
			productName = AnimationApp;
			productReference = 7F092AE027C65394001D07C5 /* AnimationApp.app */;
			productType = "com.apple.product-type.application";
		};
/* End PBXNativeTarget section */

/* Begin PBXProject section */
		7F092AD827C65394001D07C5 /* Project object */ = {
			isa = PBXProject;
			attributes = {
				BuildIndependentTargetsInParallel = 1;
				LastSwiftUpdateCheck = 1320;
				LastUpgradeCheck = 1320;
				TargetAttributes = {
					7F092ADF27C65394001D07C5 = {
						CreatedOnToolsVersion = 13.2.1;
					};
				};
			};
			buildConfigurationList = 7F092ADB27C65394001D07C5 /* Build configuration list for PBXProject "AnimationApp" */;
			compatibilityVersion = "Xcode 13.0";
			developmentRegion = en;
			hasScannedForEncodings = 0;
			knownRegions = (
				en,
				Base,
			);
			mainGroup = 7F092AD727C65394001D07C5;
			packageReferences = (
				7F092AF727C655B5001D07C5 /* XCRemoteSwiftPackageReference "SideMenu" */,
			);
			productRefGroup = 7F092AE127C65394001D07C5 /* Products */;
			projectDirPath = "";
			projectRoot = "";
			targets = (
				7F092ADF27C65394001D07C5 /* AnimationApp */,
			);
		};
/* End PBXProject section */

/* Begin PBXResourcesBuildPhase section */
		7F092ADE27C65394001D07C5 /* Resources */ = {
			isa = PBXResourcesBuildPhase;
			buildActionMask = 2147483647;
			files = (
				7F092AF027C65395001D07C5 /* LaunchScreen.storyboard in Resources */,
				7F092AED27C65395001D07C5 /* Assets.xcassets in Resources */,
				7F092AEB27C65394001D07C5 /* Main.storyboard in Resources */,
			);
			runOnlyForDeploymentPostprocessing = 0;
		};
/* End PBXResourcesBuildPhase section */

/* Begin PBXShellScriptBuildPhase section */
		05B2043E13873EFBA843A313 /* [CP] Check Pods Manifest.lock */ = {
			isa = PBXShellScriptBuildPhase;
			buildActionMask = 2147483647;
			files = (
			);
			inputFileListPaths = (
			);
			inputPaths = (
				"${PODS_PODFILE_DIR_PATH}/Podfile.lock",
				"${PODS_ROOT}/Manifest.lock",
			);
			name = "[CP] Check Pods Manifest.lock";
			outputFileListPaths = (
			);
			outputPaths = (
				"$(DERIVED_FILE_DIR)/Pods-AnimationApp-checkManifestLockResult.txt",
			);
			runOnlyForDeploymentPostprocessing = 0;
			shellPath = /bin/sh;
			shellScript = "diff \"${PODS_PODFILE_DIR_PATH}/Podfile.lock\" \"${PODS_ROOT}/Manifest.lock\" > /dev/null\nif [ $? != 0 ] ; then\n    # print error to STDERR\n    echo \"error: The sandbox is not in sync with the Podfile.lock. Run 'pod install' or update your CocoaPods installation.\" >&2\n    exit 1\nfi\n# This output is used by Xcode 'outputs' to avoid re-running this script phase.\necho \"SUCCESS\" > \"${SCRIPT_OUTPUT_FILE_0}\"\n";
			showEnvVarsInLog = 0;
		};
		1434F177B4127BCEF81FE5F6 /* [CP] Embed Pods Frameworks */ = {
			isa = PBXShellScriptBuildPhase;
			buildActionMask = 2147483647;
			files = (
			);
			inputFileListPaths = (
				"${PODS_ROOT}/Target Support Files/Pods-AnimationApp/Pods-AnimationApp-frameworks-${CONFIGURATION}-input-files.xcfilelist",
			);
			name = "[CP] Embed Pods Frameworks";
			outputFileListPaths = (
				"${PODS_ROOT}/Target Support Files/Pods-AnimationApp/Pods-AnimationApp-frameworks-${CONFIGURATION}-output-files.xcfilelist",
			);
			runOnlyForDeploymentPostprocessing = 0;
			shellPath = /bin/sh;
			shellScript = "\"${PODS_ROOT}/Target Support Files/Pods-AnimationApp/Pods-AnimationApp-frameworks.sh\"\n";
			showEnvVarsInLog = 0;
		};
/* End PBXShellScriptBuildPhase section */

/* Begin PBXSourcesBuildPhase section */
		7F092ADC27C65394001D07C5 /* Sources */ = {
			isa = PBXSourcesBuildPhase;
			buildActionMask = 2147483647;
			files = (
				7F092AE827C65394001D07C5 /* ViewController.swift in Sources */,
				7F092AE427C65394001D07C5 /* AppDelegate.swift in Sources */,
				7F092AFF27C657E1001D07C5 /* AnimatonModel.swift in Sources */,
				7F092B0127C676B9001D07C5 /* TableViewController.swift in Sources */,
				7F092AE627C65394001D07C5 /* SceneDelegate.swift in Sources */,
			);
			runOnlyForDeploymentPostprocessing = 0;
		};
/* End PBXSourcesBuildPhase section */

/* Begin PBXVariantGroup section */
		7F092AE927C65394001D07C5 /* Main.storyboard */ = {
			isa = PBXVariantGroup;
			children = (
				7F092AEA27C65394001D07C5 /* Base */,
			);
			name = Main.storyboard;
			sourceTree = "<group>";
		};
		7F092AEE27C65395001D07C5 /* LaunchScreen.storyboard */ = {
			isa = PBXVariantGroup;
			children = (
				7F092AEF27C65395001D07C5 /* Base */,
			);
			name = LaunchScreen.storyboard;
			sourceTree = "<group>";
		};
/* End PBXVariantGroup section */

/* Begin XCBuildConfiguration section */
		7F092AF227C65395001D07C5 /* Debug */ = {
			isa = XCBuildConfiguration;
			buildSettings = {
				ALWAYS_SEARCH_USER_PATHS = NO;
				CLANG_ANALYZER_NONNULL = YES;
				CLANG_ANALYZER_NUMBER_OBJECT_CONVERSION = YES_AGGRESSIVE;
				CLANG_CXX_LANGUAGE_STANDARD = "gnu++17";
				CLANG_CXX_LIBRARY = "libc++";
				CLANG_ENABLE_MODULES = YES;
				CLANG_ENABLE_OBJC_ARC = YES;
				CLANG_ENABLE_OBJC_WEAK = YES;
				CLANG_WARN_BLOCK_CAPTURE_AUTORELEASING = YES;
				CLANG_WARN_BOOL_CONVERSION = YES;
				CLANG_WARN_COMMA = YES;
				CLANG_WARN_CONSTANT_CONVERSION = YES;
				CLANG_WARN_DEPRECATED_OBJC_IMPLEMENTATIONS = YES;
				CLANG_WARN_DIRECT_OBJC_ISA_USAGE = YES_ERROR;
				CLANG_WARN_DOCUMENTATION_COMMENTS = YES;
				CLANG_WARN_EMPTY_BODY = YES;
				CLANG_WARN_ENUM_CONVERSION = YES;
				CLANG_WARN_INFINITE_RECURSION = YES;
				CLANG_WARN_INT_CONVERSION = YES;
				CLANG_WARN_NON_LITERAL_NULL_CONVERSION = YES;
				CLANG_WARN_OBJC_IMPLICIT_RETAIN_SELF = YES;
				CLANG_WARN_OBJC_LITERAL_CONVERSION = YES;
				CLANG_WARN_OBJC_ROOT_CLASS = YES_ERROR;
				CLANG_WARN_QUOTED_INCLUDE_IN_FRAMEWORK_HEADER = YES;
				CLANG_WARN_RANGE_LOOP_ANALYSIS = YES;
				CLANG_WARN_STRICT_PROTOTYPES = YES;
				CLANG_WARN_SUSPICIOUS_MOVE = YES;
				CLANG_WARN_UNGUARDED_AVAILABILITY = YES_AGGRESSIVE;
				CLANG_WARN_UNREACHABLE_CODE = YES;
				CLANG_WARN__DUPLICATE_METHOD_MATCH = YES;
				COPY_PHASE_STRIP = NO;
				DEBUG_INFORMATION_FORMAT = dwarf;
				ENABLE_STRICT_OBJC_MSGSEND = YES;
				ENABLE_TESTABILITY = YES;
				GCC_C_LANGUAGE_STANDARD = gnu11;
				GCC_DYNAMIC_NO_PIC = NO;
				GCC_NO_COMMON_BLOCKS = YES;
				GCC_OPTIMIZATION_LEVEL = 0;
				GCC_PREPROCESSOR_DEFINITIONS = (
					"DEBUG=1",
					"$(inherited)",
				);
				GCC_WARN_64_TO_32_BIT_CONVERSION = YES;
				GCC_WARN_ABOUT_RETURN_TYPE = YES_ERROR;
				GCC_WARN_UNDECLARED_SELECTOR = YES;
				GCC_WARN_UNINITIALIZED_AUTOS = YES_AGGRESSIVE;
				GCC_WARN_UNUSED_FUNCTION = YES;
				GCC_WARN_UNUSED_VARIABLE = YES;
				IPHONEOS_DEPLOYMENT_TARGET = 15.2;
				MTL_ENABLE_DEBUG_INFO = INCLUDE_SOURCE;
				MTL_FAST_MATH = YES;
				ONLY_ACTIVE_ARCH = YES;
				SDKROOT = iphoneos;
				SWIFT_ACTIVE_COMPILATION_CONDITIONS = DEBUG;
				SWIFT_OPTIMIZATION_LEVEL = "-Onone";
			};
			name = Debug;
		};
		7F092AF327C65395001D07C5 /* Release */ = {
			isa = XCBuildConfiguration;
			buildSettings = {
				ALWAYS_SEARCH_USER_PATHS = NO;
				CLANG_ANALYZER_NONNULL = YES;
				CLANG_ANALYZER_NUMBER_OBJECT_CONVERSION = YES_AGGRESSIVE;
				CLANG_CXX_LANGUAGE_STANDARD = "gnu++17";
				CLANG_CXX_LIBRARY = "libc++";
				CLANG_ENABLE_MODULES = YES;
				CLANG_ENABLE_OBJC_ARC = YES;
				CLANG_ENABLE_OBJC_WEAK = YES;
				CLANG_WARN_BLOCK_CAPTURE_AUTORELEASING = YES;
				CLANG_WARN_BOOL_CONVERSION = YES;
				CLANG_WARN_COMMA = YES;
				CLANG_WARN_CONSTANT_CONVERSION = YES;
				CLANG_WARN_DEPRECATED_OBJC_IMPLEMENTATIONS = YES;
				CLANG_WARN_DIRECT_OBJC_ISA_USAGE = YES_ERROR;
				CLANG_WARN_DOCUMENTATION_COMMENTS = YES;
				CLANG_WARN_EMPTY_BODY = YES;
				CLANG_WARN_ENUM_CONVERSION = YES;
				CLANG_WARN_INFINITE_RECURSION = YES;
				CLANG_WARN_INT_CONVERSION = YES;
				CLANG_WARN_NON_LITERAL_NULL_CONVERSION = YES;
				CLANG_WARN_OBJC_IMPLICIT_RETAIN_SELF = YES;
				CLANG_WARN_OBJC_LITERAL_CONVERSION = YES;
				CLANG_WARN_OBJC_ROOT_CLASS = YES_ERROR;
				CLANG_WARN_QUOTED_INCLUDE_IN_FRAMEWORK_HEADER = YES;
				CLANG_WARN_RANGE_LOOP_ANALYSIS = YES;
				CLANG_WARN_STRICT_PROTOTYPES = YES;
				CLANG_WARN_SUSPICIOUS_MOVE = YES;
				CLANG_WARN_UNGUARDED_AVAILABILITY = YES_AGGRESSIVE;
				CLANG_WARN_UNREACHABLE_CODE = YES;
				CLANG_WARN__DUPLICATE_METHOD_MATCH = YES;
				COPY_PHASE_STRIP = NO;
				DEBUG_INFORMATION_FORMAT = "dwarf-with-dsym";
				ENABLE_NS_ASSERTIONS = NO;
				ENABLE_STRICT_OBJC_MSGSEND = YES;
				GCC_C_LANGUAGE_STANDARD = gnu11;
				GCC_NO_COMMON_BLOCKS = YES;
				GCC_WARN_64_TO_32_BIT_CONVERSION = YES;
				GCC_WARN_ABOUT_RETURN_TYPE = YES_ERROR;
				GCC_WARN_UNDECLARED_SELECTOR = YES;
				GCC_WARN_UNINITIALIZED_AUTOS = YES_AGGRESSIVE;
				GCC_WARN_UNUSED_FUNCTION = YES;
				GCC_WARN_UNUSED_VARIABLE = YES;
				IPHONEOS_DEPLOYMENT_TARGET = 15.2;
				MTL_ENABLE_DEBUG_INFO = NO;
				MTL_FAST_MATH = YES;
				SDKROOT = iphoneos;
				SWIFT_COMPILATION_MODE = wholemodule;
				SWIFT_OPTIMIZATION_LEVEL = "-O";
				VALIDATE_PRODUCT = YES;
			};
			name = Release;
		};
		7F092AF527C65395001D07C5 /* Debug */ = {
			isa = XCBuildConfiguration;
			baseConfigurationReference = 7FC922501CCC77C2BDD0A1B0 /* Pods-AnimationApp.debug.xcconfig */;
			buildSettings = {
				ASSETCATALOG_COMPILER_APPICON_NAME = AppIcon;
				ASSETCATALOG_COMPILER_GLOBAL_ACCENT_COLOR_NAME = AccentColor;
				CODE_SIGN_STYLE = Automatic;
				CURRENT_PROJECT_VERSION = 1;
				DEVELOPMENT_TEAM = 4DA45JC35S;
				GENERATE_INFOPLIST_FILE = YES;
				INFOPLIST_FILE = AnimationApp/Info.plist;
				INFOPLIST_KEY_UIApplicationSupportsIndirectInputEvents = YES;
				INFOPLIST_KEY_UILaunchStoryboardName = LaunchScreen;
				INFOPLIST_KEY_UIMainStoryboardFile = Main;
				INFOPLIST_KEY_UISupportedInterfaceOrientations_iPad = "UIInterfaceOrientationPortrait UIInterfaceOrientationPortraitUpsideDown UIInterfaceOrientationLandscapeLeft UIInterfaceOrientationLandscapeRight";
				INFOPLIST_KEY_UISupportedInterfaceOrientations_iPhone = "UIInterfaceOrientationPortrait UIInterfaceOrientationLandscapeLeft UIInterfaceOrientationLandscapeRight";
				LD_RUNPATH_SEARCH_PATHS = (
					"$(inherited)",
					"@executable_path/Frameworks",
				);
				MARKETING_VERSION = 1.0;
				PRODUCT_BUNDLE_IDENTIFIER = vladimirdanilovich.com.by.AnimationApp;
				PRODUCT_NAME = "$(TARGET_NAME)";
				SWIFT_EMIT_LOC_STRINGS = YES;
				SWIFT_VERSION = 5.0;
				TARGETED_DEVICE_FAMILY = "1,2";
			};
			name = Debug;
		};
		7F092AF627C65395001D07C5 /* Release */ = {
			isa = XCBuildConfiguration;
			baseConfigurationReference = FB155D0C9663EC74DBCEDAD1 /* Pods-AnimationApp.release.xcconfig */;
			buildSettings = {
				ASSETCATALOG_COMPILER_APPICON_NAME = AppIcon;
				ASSETCATALOG_COMPILER_GLOBAL_ACCENT_COLOR_NAME = AccentColor;
				CODE_SIGN_STYLE = Automatic;
				CURRENT_PROJECT_VERSION = 1;
				DEVELOPMENT_TEAM = 4DA45JC35S;
				GENERATE_INFOPLIST_FILE = YES;
				INFOPLIST_FILE = AnimationApp/Info.plist;
				INFOPLIST_KEY_UIApplicationSupportsIndirectInputEvents = YES;
				INFOPLIST_KEY_UILaunchStoryboardName = LaunchScreen;
				INFOPLIST_KEY_UIMainStoryboardFile = Main;
				INFOPLIST_KEY_UISupportedInterfaceOrientations_iPad = "UIInterfaceOrientationPortrait UIInterfaceOrientationPortraitUpsideDown UIInterfaceOrientationLandscapeLeft UIInterfaceOrientationLandscapeRight";
				INFOPLIST_KEY_UISupportedInterfaceOrientations_iPhone = "UIInterfaceOrientationPortrait UIInterfaceOrientationLandscapeLeft UIInterfaceOrientationLandscapeRight";
				LD_RUNPATH_SEARCH_PATHS = (
					"$(inherited)",
					"@executable_path/Frameworks",
				);
				MARKETING_VERSION = 1.0;
				PRODUCT_BUNDLE_IDENTIFIER = vladimirdanilovich.com.by.AnimationApp;
				PRODUCT_NAME = "$(TARGET_NAME)";
				SWIFT_EMIT_LOC_STRINGS = YES;
				SWIFT_VERSION = 5.0;
				TARGETED_DEVICE_FAMILY = "1,2";
			};
			name = Release;
		};
/* End XCBuildConfiguration section */

/* Begin XCConfigurationList section */
		7F092ADB27C65394001D07C5 /* Build configuration list for PBXProject "AnimationApp" */ = {
			isa = XCConfigurationList;
			buildConfigurations = (
				7F092AF227C65395001D07C5 /* Debug */,
				7F092AF327C65395001D07C5 /* Release */,
			);
			defaultConfigurationIsVisible = 0;
			defaultConfigurationName = Release;
		};
		7F092AF427C65395001D07C5 /* Build configuration list for PBXNativeTarget "AnimationApp" */ = {
			isa = XCConfigurationList;
			buildConfigurations = (
				7F092AF527C65395001D07C5 /* Debug */,
				7F092AF627C65395001D07C5 /* Release */,
			);
			defaultConfigurationIsVisible = 0;
			defaultConfigurationName = Release;
		};
/* End XCConfigurationList section */

/* Begin XCRemoteSwiftPackageReference section */
		7F092AF727C655B5001D07C5 /* XCRemoteSwiftPackageReference "SideMenu" */ = {
			isa = XCRemoteSwiftPackageReference;
			repositoryURL = "https://github.com/jonkykong/SideMenu";
			requirement = {
				kind = upToNextMajorVersion;
				minimumVersion = 6.0.0;
			};
		};
/* End XCRemoteSwiftPackageReference section */

/* Begin XCSwiftPackageProductDependency section */
		7F092AF827C655B5001D07C5 /* SideMenu */ = {
			isa = XCSwiftPackageProductDependency;
			package = 7F092AF727C655B5001D07C5 /* XCRemoteSwiftPackageReference "SideMenu" */;
			productName = SideMenu;
		};
/* End XCSwiftPackageProductDependency section */
	};
	rootObject = 7F092AD827C65394001D07C5 /* Project object */;
}
